// !$*UTF8*$!
{
	archiveVersion = 1;
	classes = {
	};
	objectVersion = 46;
	objects = {

/* Begin PBXBuildFile section */
		5210516D14C9BEA80025DD39 /* RouteOptionsViewController.m in Sources */ = {isa = PBXBuildFile; fileRef = 5210516C14C9BEA80025DD39 /* RouteOptionsViewController.m */; };
		5210517014C9C0DF0025DD39 /* Plan.m in Sources */ = {isa = PBXBuildFile; fileRef = 5210516F14C9C0DF0025DD39 /* Plan.m */; };
		5210517314D60F3B0025DD39 /* PlanPlace.m in Sources */ = {isa = PBXBuildFile; fileRef = 5210517214D60F3B0025DD39 /* PlanPlace.m */; };
		5210517614D610790025DD39 /* AgencyAndId.m in Sources */ = {isa = PBXBuildFile; fileRef = 5210517514D610790025DD39 /* AgencyAndId.m */; };
		525442C214C3ECF2004B0E1F /* libRestKit.a in Frameworks */ = {isa = PBXBuildFile; fileRef = 525442B814C3EA95004B0E1F /* libRestKit.a */; };
		525442C414C3ED2C004B0E1F /* CFNetwork.framework in Frameworks */ = {isa = PBXBuildFile; fileRef = 525442C314C3ED2C004B0E1F /* CFNetwork.framework */; };
		525442C614C3ED4A004B0E1F /* MobileCoreServices.framework in Frameworks */ = {isa = PBXBuildFile; fileRef = 525442C514C3ED4A004B0E1F /* MobileCoreServices.framework */; };
		525442C814C3ED57004B0E1F /* Security.framework in Frameworks */ = {isa = PBXBuildFile; fileRef = 525442C714C3ED57004B0E1F /* Security.framework */; };
		525442CA14C3ED66004B0E1F /* SystemConfiguration.framework in Frameworks */ = {isa = PBXBuildFile; fileRef = 525442C914C3ED66004B0E1F /* SystemConfiguration.framework */; };
		525442CC14C3ED8A004B0E1F /* libxml2.dylib in Frameworks */ = {isa = PBXBuildFile; fileRef = 525442CB14C3ED8A004B0E1F /* libxml2.dylib */; };
		52B302C514BE2B1E00EB4852 /* ToFromViewController.m in Sources */ = {isa = PBXBuildFile; fileRef = 52B302C314BE2B1E00EB4852 /* ToFromViewController.m */; };
		52B302C614BE2B1E00EB4852 /* ToFromViewController.xib in Resources */ = {isa = PBXBuildFile; fileRef = 52B302C414BE2B1E00EB4852 /* ToFromViewController.xib */; };
		52B3031F14BE946000EB4852 /* Location.m in Sources */ = {isa = PBXBuildFile; fileRef = 52B3031E14BE946000EB4852 /* Location.m */; };
		52CF43A014BDF2F9000565D6 /* UIKit.framework in Frameworks */ = {isa = PBXBuildFile; fileRef = 52CF439F14BDF2F9000565D6 /* UIKit.framework */; };
		52CF43A214BDF2F9000565D6 /* Foundation.framework in Frameworks */ = {isa = PBXBuildFile; fileRef = 52CF43A114BDF2F9000565D6 /* Foundation.framework */; };
		52CF43A414BDF2F9000565D6 /* CoreGraphics.framework in Frameworks */ = {isa = PBXBuildFile; fileRef = 52CF43A314BDF2F9000565D6 /* CoreGraphics.framework */; };
		52CF43A614BDF2F9000565D6 /* CoreData.framework in Frameworks */ = {isa = PBXBuildFile; fileRef = 52CF43A514BDF2F9000565D6 /* CoreData.framework */; };
		52CF43AC14BDF2F9000565D6 /* InfoPlist.strings in Resources */ = {isa = PBXBuildFile; fileRef = 52CF43AA14BDF2F9000565D6 /* InfoPlist.strings */; };
		52CF43AE14BDF2F9000565D6 /* main.m in Sources */ = {isa = PBXBuildFile; fileRef = 52CF43AD14BDF2F9000565D6 /* main.m */; };
		52CF43B214BDF2F9000565D6 /* nc_AppDelegate.m in Sources */ = {isa = PBXBuildFile; fileRef = 52CF43B114BDF2F9000565D6 /* nc_AppDelegate.m */; };
		52CF43B514BDF2F9000565D6 /* Network_Commuting.xcdatamodeld in Sources */ = {isa = PBXBuildFile; fileRef = 52CF43B314BDF2F9000565D6 /* Network_Commuting.xcdatamodeld */; };
		52CF43BD14BDF2F9000565D6 /* SenTestingKit.framework in Frameworks */ = {isa = PBXBuildFile; fileRef = 52CF43BC14BDF2F9000565D6 /* SenTestingKit.framework */; };
		52CF43BE14BDF2F9000565D6 /* UIKit.framework in Frameworks */ = {isa = PBXBuildFile; fileRef = 52CF439F14BDF2F9000565D6 /* UIKit.framework */; };
		52CF43BF14BDF2F9000565D6 /* Foundation.framework in Frameworks */ = {isa = PBXBuildFile; fileRef = 52CF43A114BDF2F9000565D6 /* Foundation.framework */; };
		52CF43C014BDF2F9000565D6 /* CoreData.framework in Frameworks */ = {isa = PBXBuildFile; fileRef = 52CF43A514BDF2F9000565D6 /* CoreData.framework */; };
		52CF43C814BDF2F9000565D6 /* InfoPlist.strings in Resources */ = {isa = PBXBuildFile; fileRef = 52CF43C614BDF2F9000565D6 /* InfoPlist.strings */; };
		52CF43CB14BDF2F9000565D6 /* Network_CommutingTests.m in Sources */ = {isa = PBXBuildFile; fileRef = 52CF43CA14BDF2F9000565D6 /* Network_CommutingTests.m */; };
		52F67EE114C752C4007578D5 /* LatLng.m in Sources */ = {isa = PBXBuildFile; fileRef = 52F67EE014C752C4007578D5 /* LatLng.m */; };
		52F67EE814C75C36007578D5 /* AddressComponent.m in Sources */ = {isa = PBXBuildFile; fileRef = 52F67EE714C75C36007578D5 /* AddressComponent.m */; };
		52F67EEB14C76504007578D5 /* GeoRectangle.m in Sources */ = {isa = PBXBuildFile; fileRef = 52F67EEA14C76504007578D5 /* GeoRectangle.m */; };
/* End PBXBuildFile section */

/* Begin PBXContainerItemProxy section */
		525442B714C3EA95004B0E1F /* PBXContainerItemProxy */ = {
			isa = PBXContainerItemProxy;
			containerPortal = 525442AD14C3EA95004B0E1F /* RestKit.xcodeproj */;
			proxyType = 2;
			remoteGlobalIDString = 25160D1614564E810060A5C5;
			remoteInfo = RestKit;
		};
		525442B914C3EA95004B0E1F /* PBXContainerItemProxy */ = {
			isa = PBXContainerItemProxy;
			containerPortal = 525442AD14C3EA95004B0E1F /* RestKit.xcodeproj */;
			proxyType = 2;
			remoteGlobalIDString = 25160D2614564E820060A5C5;
			remoteInfo = RestKitTests;
		};
		525442BB14C3EA95004B0E1F /* PBXContainerItemProxy */ = {
			isa = PBXContainerItemProxy;
			containerPortal = 525442AD14C3EA95004B0E1F /* RestKit.xcodeproj */;
			proxyType = 2;
			remoteGlobalIDString = 25160E62145651060060A5C5;
			remoteInfo = RestKitFramework;
		};
		525442BD14C3EA95004B0E1F /* PBXContainerItemProxy */ = {
			isa = PBXContainerItemProxy;
			containerPortal = 525442AD14C3EA95004B0E1F /* RestKit.xcodeproj */;
			proxyType = 2;
			remoteGlobalIDString = 25160E78145651060060A5C5;
			remoteInfo = RestKitFrameworkTests;
		};
		525442C014C3EC9F004B0E1F /* PBXContainerItemProxy */ = {
			isa = PBXContainerItemProxy;
			containerPortal = 525442AD14C3EA95004B0E1F /* RestKit.xcodeproj */;
			proxyType = 1;
			remoteGlobalIDString = 25160D1514564E810060A5C5;
			remoteInfo = RestKit;
		};
		52CF43C114BDF2F9000565D6 /* PBXContainerItemProxy */ = {
			isa = PBXContainerItemProxy;
			containerPortal = 52CF439214BDF2F8000565D6 /* Project object */;
			proxyType = 1;
			remoteGlobalIDString = 52CF439A14BDF2F9000565D6;
			remoteInfo = "Network Commuting";
		};
/* End PBXContainerItemProxy section */

/* Begin PBXFileReference section */
		5210516B14C9BEA80025DD39 /* RouteOptionsViewController.h */ = {isa = PBXFileReference; fileEncoding = 4; lastKnownFileType = sourcecode.c.h; path = RouteOptionsViewController.h; sourceTree = "<group>"; };
		5210516C14C9BEA80025DD39 /* RouteOptionsViewController.m */ = {isa = PBXFileReference; fileEncoding = 4; lastKnownFileType = sourcecode.c.objc; path = RouteOptionsViewController.m; sourceTree = "<group>"; };
		5210516E14C9C0DF0025DD39 /* Plan.h */ = {isa = PBXFileReference; fileEncoding = 4; lastKnownFileType = sourcecode.c.h; path = Plan.h; sourceTree = "<group>"; };
		5210516F14C9C0DF0025DD39 /* Plan.m */ = {isa = PBXFileReference; fileEncoding = 4; lastKnownFileType = sourcecode.c.objc; lineEnding = 0; path = Plan.m; sourceTree = "<group>"; xcLanguageSpecificationIdentifier = xcode.lang.objc; };
		5210517114D60F3B0025DD39 /* PlanPlace.h */ = {isa = PBXFileReference; fileEncoding = 4; lastKnownFileType = sourcecode.c.h; path = PlanPlace.h; sourceTree = "<group>"; };
		5210517214D60F3B0025DD39 /* PlanPlace.m */ = {isa = PBXFileReference; fileEncoding = 4; lastKnownFileType = sourcecode.c.objc; lineEnding = 0; path = PlanPlace.m; sourceTree = "<group>"; xcLanguageSpecificationIdentifier = xcode.lang.objc; };
		5210517414D610780025DD39 /* AgencyAndId.h */ = {isa = PBXFileReference; fileEncoding = 4; lastKnownFileType = sourcecode.c.h; path = AgencyAndId.h; sourceTree = "<group>"; };
		5210517514D610790025DD39 /* AgencyAndId.m */ = {isa = PBXFileReference; fileEncoding = 4; lastKnownFileType = sourcecode.c.objc; lineEnding = 0; path = AgencyAndId.m; sourceTree = "<group>"; xcLanguageSpecificationIdentifier = xcode.lang.objc; };
		525442AD14C3EA95004B0E1F /* RestKit.xcodeproj */ = {isa = PBXFileReference; lastKnownFileType = "wrapper.pb-project"; name = RestKit.xcodeproj; path = RestKit/RestKit.xcodeproj; sourceTree = "<group>"; };
		525442C314C3ED2C004B0E1F /* CFNetwork.framework */ = {isa = PBXFileReference; lastKnownFileType = wrapper.framework; name = CFNetwork.framework; path = System/Library/Frameworks/CFNetwork.framework; sourceTree = SDKROOT; };
		525442C514C3ED4A004B0E1F /* MobileCoreServices.framework */ = {isa = PBXFileReference; lastKnownFileType = wrapper.framework; name = MobileCoreServices.framework; path = System/Library/Frameworks/MobileCoreServices.framework; sourceTree = SDKROOT; };
		525442C714C3ED57004B0E1F /* Security.framework */ = {isa = PBXFileReference; lastKnownFileType = wrapper.framework; name = Security.framework; path = System/Library/Frameworks/Security.framework; sourceTree = SDKROOT; };
		525442C914C3ED66004B0E1F /* SystemConfiguration.framework */ = {isa = PBXFileReference; lastKnownFileType = wrapper.framework; name = SystemConfiguration.framework; path = System/Library/Frameworks/SystemConfiguration.framework; sourceTree = SDKROOT; };
		525442CB14C3ED8A004B0E1F /* libxml2.dylib */ = {isa = PBXFileReference; lastKnownFileType = "compiled.mach-o.dylib"; name = libxml2.dylib; path = usr/lib/libxml2.dylib; sourceTree = SDKROOT; };
		52B302C214BE2B1E00EB4852 /* ToFromViewController.h */ = {isa = PBXFileReference; fileEncoding = 4; lastKnownFileType = sourcecode.c.h; path = ToFromViewController.h; sourceTree = "<group>"; };
		52B302C314BE2B1E00EB4852 /* ToFromViewController.m */ = {isa = PBXFileReference; fileEncoding = 4; lastKnownFileType = sourcecode.c.objc; lineEnding = 0; path = ToFromViewController.m; sourceTree = "<group>"; xcLanguageSpecificationIdentifier = xcode.lang.objc; };
		52B302C414BE2B1E00EB4852 /* ToFromViewController.xib */ = {isa = PBXFileReference; fileEncoding = 4; lastKnownFileType = file.xib; path = ToFromViewController.xib; sourceTree = "<group>"; };
		52B3031D14BE946000EB4852 /* Location.h */ = {isa = PBXFileReference; explicitFileType = sourcecode.c.h; fileEncoding = 4; lineEnding = 0; path = Location.h; sourceTree = "<group>"; xcLanguageSpecificationIdentifier = xcode.lang.objcpp; };
		52B3031E14BE946000EB4852 /* Location.m */ = {isa = PBXFileReference; fileEncoding = 4; lastKnownFileType = sourcecode.c.objc; path = Location.m; sourceTree = "<group>"; };
		52CF439B14BDF2F9000565D6 /* Network Commuting.app */ = {isa = PBXFileReference; explicitFileType = wrapper.application; includeInIndex = 0; path = "Network Commuting.app"; sourceTree = BUILT_PRODUCTS_DIR; };
		52CF439F14BDF2F9000565D6 /* UIKit.framework */ = {isa = PBXFileReference; lastKnownFileType = wrapper.framework; name = UIKit.framework; path = System/Library/Frameworks/UIKit.framework; sourceTree = SDKROOT; };
		52CF43A114BDF2F9000565D6 /* Foundation.framework */ = {isa = PBXFileReference; lastKnownFileType = wrapper.framework; name = Foundation.framework; path = System/Library/Frameworks/Foundation.framework; sourceTree = SDKROOT; };
		52CF43A314BDF2F9000565D6 /* CoreGraphics.framework */ = {isa = PBXFileReference; lastKnownFileType = wrapper.framework; name = CoreGraphics.framework; path = System/Library/Frameworks/CoreGraphics.framework; sourceTree = SDKROOT; };
		52CF43A514BDF2F9000565D6 /* CoreData.framework */ = {isa = PBXFileReference; lastKnownFileType = wrapper.framework; name = CoreData.framework; path = System/Library/Frameworks/CoreData.framework; sourceTree = SDKROOT; };
		52CF43A914BDF2F9000565D6 /* Network Commuting-Info.plist */ = {isa = PBXFileReference; lastKnownFileType = text.plist.xml; path = "Network Commuting-Info.plist"; sourceTree = "<group>"; };
		52CF43AB14BDF2F9000565D6 /* en */ = {isa = PBXFileReference; lastKnownFileType = text.plist.strings; name = en; path = en.lproj/InfoPlist.strings; sourceTree = "<group>"; };
		52CF43AD14BDF2F9000565D6 /* main.m */ = {isa = PBXFileReference; lastKnownFileType = sourcecode.c.objc; path = main.m; sourceTree = "<group>"; };
		52CF43AF14BDF2F9000565D6 /* Network Commuting-Prefix.pch */ = {isa = PBXFileReference; lastKnownFileType = sourcecode.c.h; path = "Network Commuting-Prefix.pch"; sourceTree = "<group>"; };
		52CF43B014BDF2F9000565D6 /* nc_AppDelegate.h */ = {isa = PBXFileReference; lastKnownFileType = sourcecode.c.h; path = nc_AppDelegate.h; sourceTree = "<group>"; };
		52CF43B114BDF2F9000565D6 /* nc_AppDelegate.m */ = {isa = PBXFileReference; lastKnownFileType = sourcecode.c.objc; path = nc_AppDelegate.m; sourceTree = "<group>"; };
		52CF43B414BDF2F9000565D6 /* Network_Commuting.xcdatamodel */ = {isa = PBXFileReference; lastKnownFileType = wrapper.xcdatamodel; path = Network_Commuting.xcdatamodel; sourceTree = "<group>"; };
		52CF43BB14BDF2F9000565D6 /* Network CommutingTests.octest */ = {isa = PBXFileReference; explicitFileType = wrapper.cfbundle; includeInIndex = 0; path = "Network CommutingTests.octest"; sourceTree = BUILT_PRODUCTS_DIR; };
		52CF43BC14BDF2F9000565D6 /* SenTestingKit.framework */ = {isa = PBXFileReference; lastKnownFileType = wrapper.framework; name = SenTestingKit.framework; path = Library/Frameworks/SenTestingKit.framework; sourceTree = DEVELOPER_DIR; };
		52CF43C514BDF2F9000565D6 /* Network CommutingTests-Info.plist */ = {isa = PBXFileReference; lastKnownFileType = text.plist.xml; path = "Network CommutingTests-Info.plist"; sourceTree = "<group>"; };
		52CF43C714BDF2F9000565D6 /* en */ = {isa = PBXFileReference; lastKnownFileType = text.plist.strings; name = en; path = en.lproj/InfoPlist.strings; sourceTree = "<group>"; };
		52CF43C914BDF2F9000565D6 /* Network_CommutingTests.h */ = {isa = PBXFileReference; lastKnownFileType = sourcecode.c.h; path = Network_CommutingTests.h; sourceTree = "<group>"; };
		52CF43CA14BDF2F9000565D6 /* Network_CommutingTests.m */ = {isa = PBXFileReference; lastKnownFileType = sourcecode.c.objc; path = Network_CommutingTests.m; sourceTree = "<group>"; };
		52F67EDF14C752C4007578D5 /* LatLng.h */ = {isa = PBXFileReference; fileEncoding = 4; lastKnownFileType = sourcecode.c.h; lineEnding = 0; path = LatLng.h; sourceTree = "<group>"; xcLanguageSpecificationIdentifier = xcode.lang.objcpp; };
		52F67EE014C752C4007578D5 /* LatLng.m */ = {isa = PBXFileReference; fileEncoding = 4; lastKnownFileType = sourcecode.c.objc; lineEnding = 0; path = LatLng.m; sourceTree = "<group>"; xcLanguageSpecificationIdentifier = xcode.lang.objc; };
		52F67EE614C75C36007578D5 /* AddressComponent.h */ = {isa = PBXFileReference; fileEncoding = 4; lastKnownFileType = sourcecode.c.h; lineEnding = 0; path = AddressComponent.h; sourceTree = "<group>"; xcLanguageSpecificationIdentifier = xcode.lang.objcpp; };
		52F67EE714C75C36007578D5 /* AddressComponent.m */ = {isa = PBXFileReference; fileEncoding = 4; lastKnownFileType = sourcecode.c.objc; lineEnding = 0; path = AddressComponent.m; sourceTree = "<group>"; xcLanguageSpecificationIdentifier = xcode.lang.objc; };
		52F67EE914C76504007578D5 /* GeoRectangle.h */ = {isa = PBXFileReference; fileEncoding = 4; lastKnownFileType = sourcecode.c.h; lineEnding = 0; path = GeoRectangle.h; sourceTree = "<group>"; xcLanguageSpecificationIdentifier = xcode.lang.objcpp; };
		52F67EEA14C76504007578D5 /* GeoRectangle.m */ = {isa = PBXFileReference; fileEncoding = 4; lastKnownFileType = sourcecode.c.objc; lineEnding = 0; path = GeoRectangle.m; sourceTree = "<group>"; xcLanguageSpecificationIdentifier = xcode.lang.objc; };
		52F67EEC14C7E103007578D5 /* enums.h */ = {isa = PBXFileReference; fileEncoding = 4; lastKnownFileType = sourcecode.c.h; lineEnding = 0; path = enums.h; sourceTree = "<group>"; xcLanguageSpecificationIdentifier = xcode.lang.objcpp; };
/* End PBXFileReference section */

/* Begin PBXFrameworksBuildPhase section */
		52CF439814BDF2F9000565D6 /* Frameworks */ = {
			isa = PBXFrameworksBuildPhase;
			buildActionMask = 2147483647;
			files = (
				525442CC14C3ED8A004B0E1F /* libxml2.dylib in Frameworks */,
				525442CA14C3ED66004B0E1F /* SystemConfiguration.framework in Frameworks */,
				525442C814C3ED57004B0E1F /* Security.framework in Frameworks */,
				525442C614C3ED4A004B0E1F /* MobileCoreServices.framework in Frameworks */,
				525442C414C3ED2C004B0E1F /* CFNetwork.framework in Frameworks */,
				525442C214C3ECF2004B0E1F /* libRestKit.a in Frameworks */,
				52CF43A014BDF2F9000565D6 /* UIKit.framework in Frameworks */,
				52CF43A214BDF2F9000565D6 /* Foundation.framework in Frameworks */,
				52CF43A414BDF2F9000565D6 /* CoreGraphics.framework in Frameworks */,
				52CF43A614BDF2F9000565D6 /* CoreData.framework in Frameworks */,
			);
			runOnlyForDeploymentPostprocessing = 0;
		};
		52CF43B714BDF2F9000565D6 /* Frameworks */ = {
			isa = PBXFrameworksBuildPhase;
			buildActionMask = 2147483647;
			files = (
				52CF43BD14BDF2F9000565D6 /* SenTestingKit.framework in Frameworks */,
				52CF43BE14BDF2F9000565D6 /* UIKit.framework in Frameworks */,
				52CF43BF14BDF2F9000565D6 /* Foundation.framework in Frameworks */,
				52CF43C014BDF2F9000565D6 /* CoreData.framework in Frameworks */,
			);
			runOnlyForDeploymentPostprocessing = 0;
		};
/* End PBXFrameworksBuildPhase section */

/* Begin PBXGroup section */
		525442AE14C3EA95004B0E1F /* Products */ = {
			isa = PBXGroup;
			children = (
				525442B814C3EA95004B0E1F /* libRestKit.a */,
				525442BA14C3EA95004B0E1F /* RestKitTests.octest */,
				525442BC14C3EA95004B0E1F /* RestKit.framework */,
				525442BE14C3EA95004B0E1F /* RestKitFrameworkTests.octest */,
			);
			name = Products;
			sourceTree = "<group>";
		};
		52CF439014BDF2F8000565D6 = {
			isa = PBXGroup;
			children = (
				525442AD14C3EA95004B0E1F /* RestKit.xcodeproj */,
				52CF43A714BDF2F9000565D6 /* Network Commuting */,
				52CF43C314BDF2F9000565D6 /* Network CommutingTests */,
				52CF439E14BDF2F9000565D6 /* Frameworks */,
				52CF439C14BDF2F9000565D6 /* Products */,
			);
			sourceTree = "<group>";
		};
		52CF439C14BDF2F9000565D6 /* Products */ = {
			isa = PBXGroup;
			children = (
				52CF439B14BDF2F9000565D6 /* Network Commuting.app */,
				52CF43BB14BDF2F9000565D6 /* Network CommutingTests.octest */,
			);
			name = Products;
			sourceTree = "<group>";
		};
		52CF439E14BDF2F9000565D6 /* Frameworks */ = {
			isa = PBXGroup;
			children = (
				525442CB14C3ED8A004B0E1F /* libxml2.dylib */,
				525442C314C3ED2C004B0E1F /* CFNetwork.framework */,
				525442C514C3ED4A004B0E1F /* MobileCoreServices.framework */,
				525442C714C3ED57004B0E1F /* Security.framework */,
				525442C914C3ED66004B0E1F /* SystemConfiguration.framework */,
				52CF439F14BDF2F9000565D6 /* UIKit.framework */,
				52CF43A114BDF2F9000565D6 /* Foundation.framework */,
				52CF43A314BDF2F9000565D6 /* CoreGraphics.framework */,
				52CF43A514BDF2F9000565D6 /* CoreData.framework */,
				52CF43BC14BDF2F9000565D6 /* SenTestingKit.framework */,
			);
			name = Frameworks;
			sourceTree = "<group>";
		};
		52CF43A714BDF2F9000565D6 /* Network Commuting */ = {
			isa = PBXGroup;
			children = (
				52CF43B014BDF2F9000565D6 /* nc_AppDelegate.h */,
				52CF43B114BDF2F9000565D6 /* nc_AppDelegate.m */,
				52B302C214BE2B1E00EB4852 /* ToFromViewController.h */,
				52B302C314BE2B1E00EB4852 /* ToFromViewController.m */,
				52B302C414BE2B1E00EB4852 /* ToFromViewController.xib */,
				5210516B14C9BEA80025DD39 /* RouteOptionsViewController.h */,
				5210516C14C9BEA80025DD39 /* RouteOptionsViewController.m */,
				52CF43B314BDF2F9000565D6 /* Network_Commuting.xcdatamodeld */,
				5210516E14C9C0DF0025DD39 /* Plan.h */,
				5210516F14C9C0DF0025DD39 /* Plan.m */,
				5210517114D60F3B0025DD39 /* PlanPlace.h */,
				5210517214D60F3B0025DD39 /* PlanPlace.m */,
				5210517414D610780025DD39 /* AgencyAndId.h */,
				5210517514D610790025DD39 /* AgencyAndId.m */,
				52F67EDF14C752C4007578D5 /* LatLng.h */,
				52F67EE014C752C4007578D5 /* LatLng.m */,
				52F67EEC14C7E103007578D5 /* enums.h */,
				52F67EE614C75C36007578D5 /* AddressComponent.h */,
				52F67EE714C75C36007578D5 /* AddressComponent.m */,
				52F67EE914C76504007578D5 /* GeoRectangle.h */,
				52F67EEA14C76504007578D5 /* GeoRectangle.m */,
				52B3031D14BE946000EB4852 /* Location.h */,
				52B3031E14BE946000EB4852 /* Location.m */,
				52CF43A814BDF2F9000565D6 /* Supporting Files */,
			);
			path = "Network Commuting";
			sourceTree = "<group>";
		};
		52CF43A814BDF2F9000565D6 /* Supporting Files */ = {
			isa = PBXGroup;
			children = (
				52CF43A914BDF2F9000565D6 /* Network Commuting-Info.plist */,
				52CF43AA14BDF2F9000565D6 /* InfoPlist.strings */,
				52CF43AD14BDF2F9000565D6 /* main.m */,
				52CF43AF14BDF2F9000565D6 /* Network Commuting-Prefix.pch */,
			);
			name = "Supporting Files";
			sourceTree = "<group>";
		};
		52CF43C314BDF2F9000565D6 /* Network CommutingTests */ = {
			isa = PBXGroup;
			children = (
				52CF43C914BDF2F9000565D6 /* Network_CommutingTests.h */,
				52CF43CA14BDF2F9000565D6 /* Network_CommutingTests.m */,
				52CF43C414BDF2F9000565D6 /* Supporting Files */,
			);
			path = "Network CommutingTests";
			sourceTree = "<group>";
		};
		52CF43C414BDF2F9000565D6 /* Supporting Files */ = {
			isa = PBXGroup;
			children = (
				52CF43C514BDF2F9000565D6 /* Network CommutingTests-Info.plist */,
				52CF43C614BDF2F9000565D6 /* InfoPlist.strings */,
			);
			name = "Supporting Files";
			sourceTree = "<group>";
		};
/* End PBXGroup section */

/* Begin PBXNativeTarget section */
		52CF439A14BDF2F9000565D6 /* Network Commuting */ = {
			isa = PBXNativeTarget;
			buildConfigurationList = 52CF43CE14BDF2F9000565D6 /* Build configuration list for PBXNativeTarget "Network Commuting" */;
			buildPhases = (
				52CF439714BDF2F9000565D6 /* Sources */,
				52CF439814BDF2F9000565D6 /* Frameworks */,
				52CF439914BDF2F9000565D6 /* Resources */,
			);
			buildRules = (
			);
			dependencies = (
				525442C114C3EC9F004B0E1F /* PBXTargetDependency */,
			);
			name = "Network Commuting";
			productName = "Network Commuting";
			productReference = 52CF439B14BDF2F9000565D6 /* Network Commuting.app */;
			productType = "com.apple.product-type.application";
		};
		52CF43BA14BDF2F9000565D6 /* Network CommutingTests */ = {
			isa = PBXNativeTarget;
			buildConfigurationList = 52CF43D114BDF2F9000565D6 /* Build configuration list for PBXNativeTarget "Network CommutingTests" */;
			buildPhases = (
				52CF43B614BDF2F9000565D6 /* Sources */,
				52CF43B714BDF2F9000565D6 /* Frameworks */,
				52CF43B814BDF2F9000565D6 /* Resources */,
				52CF43B914BDF2F9000565D6 /* ShellScript */,
			);
			buildRules = (
			);
			dependencies = (
				52CF43C214BDF2F9000565D6 /* PBXTargetDependency */,
			);
			name = "Network CommutingTests";
			productName = "Network CommutingTests";
			productReference = 52CF43BB14BDF2F9000565D6 /* Network CommutingTests.octest */;
			productType = "com.apple.product-type.bundle";
		};
/* End PBXNativeTarget section */

/* Begin PBXProject section */
		52CF439214BDF2F8000565D6 /* Project object */ = {
			isa = PBXProject;
			attributes = {
				LastUpgradeCheck = 0420;
				ORGANIZATIONNAME = "Network Commuting";
			};
			buildConfigurationList = 52CF439514BDF2F8000565D6 /* Build configuration list for PBXProject "Network Commuting" */;
			compatibilityVersion = "Xcode 3.2";
			developmentRegion = English;
			hasScannedForEncodings = 0;
			knownRegions = (
				en,
			);
			mainGroup = 52CF439014BDF2F8000565D6;
			productRefGroup = 52CF439C14BDF2F9000565D6 /* Products */;
			projectDirPath = "";
			projectReferences = (
				{
					ProductGroup = 525442AE14C3EA95004B0E1F /* Products */;
					ProjectRef = 525442AD14C3EA95004B0E1F /* RestKit.xcodeproj */;
				},
			);
			projectRoot = "";
			targets = (
				52CF439A14BDF2F9000565D6 /* Network Commuting */,
				52CF43BA14BDF2F9000565D6 /* Network CommutingTests */,
			);
		};
/* End PBXProject section */

/* Begin PBXReferenceProxy section */
		525442B814C3EA95004B0E1F /* libRestKit.a */ = {
			isa = PBXReferenceProxy;
			fileType = archive.ar;
			path = libRestKit.a;
			remoteRef = 525442B714C3EA95004B0E1F /* PBXContainerItemProxy */;
			sourceTree = BUILT_PRODUCTS_DIR;
		};
		525442BA14C3EA95004B0E1F /* RestKitTests.octest */ = {
			isa = PBXReferenceProxy;
			fileType = wrapper.cfbundle;
			path = RestKitTests.octest;
			remoteRef = 525442B914C3EA95004B0E1F /* PBXContainerItemProxy */;
			sourceTree = BUILT_PRODUCTS_DIR;
		};
		525442BC14C3EA95004B0E1F /* RestKit.framework */ = {
			isa = PBXReferenceProxy;
			fileType = wrapper.framework;
			path = RestKit.framework;
			remoteRef = 525442BB14C3EA95004B0E1F /* PBXContainerItemProxy */;
			sourceTree = BUILT_PRODUCTS_DIR;
		};
		525442BE14C3EA95004B0E1F /* RestKitFrameworkTests.octest */ = {
			isa = PBXReferenceProxy;
			fileType = wrapper.cfbundle;
			path = RestKitFrameworkTests.octest;
			remoteRef = 525442BD14C3EA95004B0E1F /* PBXContainerItemProxy */;
			sourceTree = BUILT_PRODUCTS_DIR;
		};
/* End PBXReferenceProxy section */

/* Begin PBXResourcesBuildPhase section */
		52CF439914BDF2F9000565D6 /* Resources */ = {
			isa = PBXResourcesBuildPhase;
			buildActionMask = 2147483647;
			files = (
				52CF43AC14BDF2F9000565D6 /* InfoPlist.strings in Resources */,
				52B302C614BE2B1E00EB4852 /* ToFromViewController.xib in Resources */,
			);
			runOnlyForDeploymentPostprocessing = 0;
		};
		52CF43B814BDF2F9000565D6 /* Resources */ = {
			isa = PBXResourcesBuildPhase;
			buildActionMask = 2147483647;
			files = (
				52CF43C814BDF2F9000565D6 /* InfoPlist.strings in Resources */,
			);
			runOnlyForDeploymentPostprocessing = 0;
		};
/* End PBXResourcesBuildPhase section */

/* Begin PBXShellScriptBuildPhase section */
		52CF43B914BDF2F9000565D6 /* ShellScript */ = {
			isa = PBXShellScriptBuildPhase;
			buildActionMask = 2147483647;
			files = (
			);
			inputPaths = (
			);
			outputPaths = (
			);
			runOnlyForDeploymentPostprocessing = 0;
			shellPath = /bin/sh;
			shellScript = "# Run the unit tests in this test bundle.\n\"${SYSTEM_DEVELOPER_DIR}/Tools/RunUnitTests\"\n";
		};
/* End PBXShellScriptBuildPhase section */

/* Begin PBXSourcesBuildPhase section */
		52CF439714BDF2F9000565D6 /* Sources */ = {
			isa = PBXSourcesBuildPhase;
			buildActionMask = 2147483647;
			files = (
				52CF43AE14BDF2F9000565D6 /* main.m in Sources */,
				52CF43B214BDF2F9000565D6 /* nc_AppDelegate.m in Sources */,
				52CF43B514BDF2F9000565D6 /* Network_Commuting.xcdatamodeld in Sources */,
				52B302C514BE2B1E00EB4852 /* ToFromViewController.m in Sources */,
				52B3031F14BE946000EB4852 /* Location.m in Sources */,
				52F67EE114C752C4007578D5 /* LatLng.m in Sources */,
				52F67EE814C75C36007578D5 /* AddressComponent.m in Sources */,
				52F67EEB14C76504007578D5 /* GeoRectangle.m in Sources */,
				5210516D14C9BEA80025DD39 /* RouteOptionsViewController.m in Sources */,
				5210517014C9C0DF0025DD39 /* Plan.m in Sources */,
				5210517314D60F3B0025DD39 /* PlanPlace.m in Sources */,
				5210517614D610790025DD39 /* AgencyAndId.m in Sources */,
			);
			runOnlyForDeploymentPostprocessing = 0;
		};
		52CF43B614BDF2F9000565D6 /* Sources */ = {
			isa = PBXSourcesBuildPhase;
			buildActionMask = 2147483647;
			files = (
				52CF43CB14BDF2F9000565D6 /* Network_CommutingTests.m in Sources */,
			);
			runOnlyForDeploymentPostprocessing = 0;
		};
/* End PBXSourcesBuildPhase section */

/* Begin PBXTargetDependency section */
		525442C114C3EC9F004B0E1F /* PBXTargetDependency */ = {
			isa = PBXTargetDependency;
			name = RestKit;
			targetProxy = 525442C014C3EC9F004B0E1F /* PBXContainerItemProxy */;
		};
		52CF43C214BDF2F9000565D6 /* PBXTargetDependency */ = {
			isa = PBXTargetDependency;
			target = 52CF439A14BDF2F9000565D6 /* Network Commuting */;
			targetProxy = 52CF43C114BDF2F9000565D6 /* PBXContainerItemProxy */;
		};
/* End PBXTargetDependency section */

/* Begin PBXVariantGroup section */
		52CF43AA14BDF2F9000565D6 /* InfoPlist.strings */ = {
			isa = PBXVariantGroup;
			children = (
				52CF43AB14BDF2F9000565D6 /* en */,
			);
			name = InfoPlist.strings;
			sourceTree = "<group>";
		};
		52CF43C614BDF2F9000565D6 /* InfoPlist.strings */ = {
			isa = PBXVariantGroup;
			children = (
				52CF43C714BDF2F9000565D6 /* en */,
			);
			name = InfoPlist.strings;
			sourceTree = "<group>";
		};
/* End PBXVariantGroup section */

/* Begin XCBuildConfiguration section */
		52CF43CC14BDF2F9000565D6 /* Debug */ = {
			isa = XCBuildConfiguration;
			buildSettings = {
				ALWAYS_SEARCH_USER_PATHS = NO;
				ARCHS = "$(ARCHS_STANDARD_32_BIT)";
				CLANG_ENABLE_OBJC_ARC = YES;
				"CODE_SIGN_IDENTITY[sdk=iphoneos*]" = "iPhone Developer";
				COPY_PHASE_STRIP = NO;
				GCC_C_LANGUAGE_STANDARD = gnu99;
				GCC_DYNAMIC_NO_PIC = NO;
				GCC_OPTIMIZATION_LEVEL = 0;
				GCC_PREPROCESSOR_DEFINITIONS = (
					"DEBUG=1",
					"$(inherited)",
				);
				GCC_SYMBOLS_PRIVATE_EXTERN = NO;
				GCC_VERSION = com.apple.compilers.llvm.clang.1_0;
				GCC_WARN_ABOUT_MISSING_PROTOTYPES = YES;
				GCC_WARN_ABOUT_RETURN_TYPE = YES;
				GCC_WARN_UNUSED_VARIABLE = YES;
				IPHONEOS_DEPLOYMENT_TARGET = 5.0;
				SDKROOT = iphoneos;
			};
			name = Debug;
		};
		52CF43CD14BDF2F9000565D6 /* Release */ = {
			isa = XCBuildConfiguration;
			buildSettings = {
				ALWAYS_SEARCH_USER_PATHS = NO;
				ARCHS = "$(ARCHS_STANDARD_32_BIT)";
				CLANG_ENABLE_OBJC_ARC = YES;
				"CODE_SIGN_IDENTITY[sdk=iphoneos*]" = "iPhone Developer";
				COPY_PHASE_STRIP = YES;
				GCC_C_LANGUAGE_STANDARD = gnu99;
				GCC_VERSION = com.apple.compilers.llvm.clang.1_0;
				GCC_WARN_ABOUT_MISSING_PROTOTYPES = YES;
				GCC_WARN_ABOUT_RETURN_TYPE = YES;
				GCC_WARN_UNUSED_VARIABLE = YES;
				IPHONEOS_DEPLOYMENT_TARGET = 5.0;
				OTHER_CFLAGS = "-DNS_BLOCK_ASSERTIONS=1";
				SDKROOT = iphoneos;
				VALIDATE_PRODUCT = YES;
			};
			name = Release;
		};
		52CF43CF14BDF2F9000565D6 /* Debug */ = {
			isa = XCBuildConfiguration;
			buildSettings = {
				GCC_PRECOMPILE_PREFIX_HEADER = YES;
				GCC_PREFIX_HEADER = "Network Commuting/Network Commuting-Prefix.pch";
				HEADER_SEARCH_PATHS = "\"$(SOURCE_ROOT)/RestKit/Build\"";
				INFOPLIST_FILE = "Network Commuting/Network Commuting-Info.plist";
				IPHONEOS_DEPLOYMENT_TARGET = 4.0;
				OTHER_LDFLAGS = (
					"-ObjC",
					"-all_load",
				);
				PRODUCT_NAME = "$(TARGET_NAME)";
				WRAPPER_EXTENSION = app;
			};
			name = Debug;
		};
		52CF43D014BDF2F9000565D6 /* Release */ = {
			isa = XCBuildConfiguration;
			buildSettings = {
				GCC_PRECOMPILE_PREFIX_HEADER = YES;
				GCC_PREFIX_HEADER = "Network Commuting/Network Commuting-Prefix.pch";
				HEADER_SEARCH_PATHS = "\"$(SOURCE_ROOT)/RestKit/Build\"";
				INFOPLIST_FILE = "Network Commuting/Network Commuting-Info.plist";
				IPHONEOS_DEPLOYMENT_TARGET = 4.0;
				OTHER_LDFLAGS = (
					"-ObjC",
					"-all_load",
				);
				PRODUCT_NAME = "$(TARGET_NAME)";
				WRAPPER_EXTENSION = app;
			};
			name = Release;
		};
		52CF43D214BDF2F9000565D6 /* Debug */ = {
			isa = XCBuildConfiguration;
			buildSettings = {
				BUNDLE_LOADER = "$(BUILT_PRODUCTS_DIR)/Network Commuting.app/Network Commuting";
				FRAMEWORK_SEARCH_PATHS = (
					"$(SDKROOT)/Developer/Library/Frameworks",
					"$(DEVELOPER_LIBRARY_DIR)/Frameworks",
				);
				GCC_PRECOMPILE_PREFIX_HEADER = YES;
				GCC_PREFIX_HEADER = "Network Commuting/Network Commuting-Prefix.pch";
				INFOPLIST_FILE = "Network CommutingTests/Network CommutingTests-Info.plist";
				PRODUCT_NAME = "$(TARGET_NAME)";
				TEST_HOST = "$(BUNDLE_LOADER)";
				WRAPPER_EXTENSION = octest;
			};
			name = Debug;
		};
		52CF43D314BDF2F9000565D6 /* Release */ = {
			isa = XCBuildConfiguration;
			buildSettings = {
				BUNDLE_LOADER = "$(BUILT_PRODUCTS_DIR)/Network Commuting.app/Network Commuting";
				FRAMEWORK_SEARCH_PATHS = (
					"$(SDKROOT)/Developer/Library/Frameworks",
					"$(DEVELOPER_LIBRARY_DIR)/Frameworks",
				);
				GCC_PRECOMPILE_PREFIX_HEADER = YES;
				GCC_PREFIX_HEADER = "Network Commuting/Network Commuting-Prefix.pch";
				INFOPLIST_FILE = "Network CommutingTests/Network CommutingTests-Info.plist";
				PRODUCT_NAME = "$(TARGET_NAME)";
				TEST_HOST = "$(BUNDLE_LOADER)";
				WRAPPER_EXTENSION = octest;
			};
			name = Release;
		};
/* End XCBuildConfiguration section */

/* Begin XCConfigurationList section */
		52CF439514BDF2F8000565D6 /* Build configuration list for PBXProject "Network Commuting" */ = {
			isa = XCConfigurationList;
			buildConfigurations = (
				52CF43CC14BDF2F9000565D6 /* Debug */,
				52CF43CD14BDF2F9000565D6 /* Release */,
			);
			defaultConfigurationIsVisible = 0;
			defaultConfigurationName = Release;
		};
		52CF43CE14BDF2F9000565D6 /* Build configuration list for PBXNativeTarget "Network Commuting" */ = {
			isa = XCConfigurationList;
			buildConfigurations = (
				52CF43CF14BDF2F9000565D6 /* Debug */,
				52CF43D014BDF2F9000565D6 /* Release */,
			);
			defaultConfigurationIsVisible = 0;
			defaultConfigurationName = Release;
		};
		52CF43D114BDF2F9000565D6 /* Build configuration list for PBXNativeTarget "Network CommutingTests" */ = {
			isa = XCConfigurationList;
			buildConfigurations = (
				52CF43D214BDF2F9000565D6 /* Debug */,
				52CF43D314BDF2F9000565D6 /* Release */,
			);
			defaultConfigurationIsVisible = 0;
			defaultConfigurationName = Release;
		};
/* End XCConfigurationList section */

/* Begin XCVersionGroup section */
		52CF43B314BDF2F9000565D6 /* Network_Commuting.xcdatamodeld */ = {
			isa = XCVersionGroup;
			children = (
				52CF43B414BDF2F9000565D6 /* Network_Commuting.xcdatamodel */,
			);
			currentVersion = 52CF43B414BDF2F9000565D6 /* Network_Commuting.xcdatamodel */;
			path = Network_Commuting.xcdatamodeld;
			sourceTree = "<group>";
			versionGroupType = wrapper.xcdatamodel;
		};
/* End XCVersionGroup section */
	};
	rootObject = 52CF439214BDF2F8000565D6 /* Project object */;
}
